
Microsoft Visual Studio Solution File, Format Version 12.00
# Visual Studio Version 17
VisualStudioVersion = 17.10.34916.146
MinimumVisualStudioVersion = 10.0.40219.1
Project("{9A19103F-16F7-4668-BE54-9A1E7A4F7556}") = "admin", "admin.csproj", "{45B991D5-B68E-4B52-8E71-95BA6C924E38}"
EndProject
Global
	GlobalSection(SolutionConfigurationPlatforms) = preSolution
		Debug|Any CPU = Debug|Any CPU
		Release|Any CPU = Release|Any CPU
	EndGlobalSection
	GlobalSection(ProjectConfigurationPlatforms) = postSolution
		{45B991D5-B68E-4B52-8E71-95BA6C924E38}.Debug|Any CPU.ActiveCfg = Debug|Any CPU
		{45B991D5-B68E-4B52-8E71-95BA6C924E38}.Debug|Any CPU.Build.0 = Debug|Any CPU
		{45B991D5-B68E-4B52-8E71-95BA6C924E38}.Release|Any CPU.ActiveCfg = Release|Any CPU
		{45B991D5-B68E-4B52-8E71-95BA6C924E38}.Release|Any CPU.Build.0 = Release|Any CPU
	EndGlobalSection
	GlobalSection(SolutionProperties) = preSolution
		HideSolutionNode = FALSE
	EndGlobalSection
	GlobalSection(ExtensibilityGlobals) = postSolution
		SolutionGuid = {9B7F15A9-3CC0-47D8-A5E0-42D00A8CF0B7}
	EndGlobalSection
EndGlobal
